
Microsoft Visual Studio Solution File, Format Version 12.00
# Visual Studio Version 17
VisualStudioVersion = 17.8.34525.116
MinimumVisualStudioVersion = 10.0.40219.1
Project("{9A19103F-16F7-4668-BE54-9A1E7A4F7556}") = "DashcamVideoArchive.Core", "DashcamVideoArchive.Core\DashcamVideoArchive.Core.csproj", "{53B71B79-E493-4057-8991-C4D0BF35F22E}"
EndProject
Project("{9A19103F-16F7-4668-BE54-9A1E7A4F7556}") = "DashcamVideoArchive.Viofo", "DashcamVideoArchive.Viofo\DashcamVideoArchive.Viofo.csproj", "{A4160906-30E6-4172-A68B-5F851EDDDFED}"
EndProject
Project("{9A19103F-16F7-4668-BE54-9A1E7A4F7556}") = "DashcamVideoArchive.App", "DashcamVideoArchive.App\DashcamVideoArchive.App.csproj", "{6BC425A1-C2F3-47CB-A24A-F27C3295074F}"
EndProject
Global
	GlobalSection(SolutionConfigurationPlatforms) = preSolution
		Debug|Any CPU = Debug|Any CPU
		Release|Any CPU = Release|Any CPU
	EndGlobalSection
	GlobalSection(ProjectConfigurationPlatforms) = postSolution
		{53B71B79-E493-4057-8991-C4D0BF35F22E}.Debug|Any CPU.ActiveCfg = Debug|Any CPU
		{53B71B79-E493-4057-8991-C4D0BF35F22E}.Debug|Any CPU.Build.0 = Debug|Any CPU
		{53B71B79-E493-4057-8991-C4D0BF35F22E}.Release|Any CPU.ActiveCfg = Release|Any CPU
		{53B71B79-E493-4057-8991-C4D0BF35F22E}.Release|Any CPU.Build.0 = Release|Any CPU
		{A4160906-30E6-4172-A68B-5F851EDDDFED}.Debug|Any CPU.ActiveCfg = Debug|Any CPU
		{A4160906-30E6-4172-A68B-5F851EDDDFED}.Debug|Any CPU.Build.0 = Debug|Any CPU
		{A4160906-30E6-4172-A68B-5F851EDDDFED}.Release|Any CPU.ActiveCfg = Release|Any CPU
		{A4160906-30E6-4172-A68B-5F851EDDDFED}.Release|Any CPU.Build.0 = Release|Any CPU
		{6BC425A1-C2F3-47CB-A24A-F27C3295074F}.Debug|Any CPU.ActiveCfg = Debug|Any CPU
		{6BC425A1-C2F3-47CB-A24A-F27C3295074F}.Debug|Any CPU.Build.0 = Debug|Any CPU
		{6BC425A1-C2F3-47CB-A24A-F27C3295074F}.Release|Any CPU.ActiveCfg = Release|Any CPU
		{6BC425A1-C2F3-47CB-A24A-F27C3295074F}.Release|Any CPU.Build.0 = Release|Any CPU
	EndGlobalSection
	GlobalSection(SolutionProperties) = preSolution
		HideSolutionNode = FALSE
	EndGlobalSection
	GlobalSection(ExtensibilityGlobals) = postSolution
		SolutionGuid = {DF77F04E-32E1-4FF0-BD5E-D16B0C4DD6C8}
	EndGlobalSection
EndGlobal
